
Microsoft Visual Studio Solution File, Format Version 12.00
# Visual Studio Version 17
VisualStudioVersion = 17.10.35122.118
MinimumVisualStudioVersion = 10.0.40219.1
Project("{9A19103F-16F7-4668-BE54-9A1E7A4F7556}") = "BlazorChat", "BlazorChat\BlazorChat\BlazorChat.csproj", "{D33FD1E6-39E3-41F9-8B6E-58828E4597F6}"
EndProject
Project("{9A19103F-16F7-4668-BE54-9A1E7A4F7556}") = "BlazorChat.Client", "BlazorChat\BlazorChat.Client\BlazorChat.Client.csproj", "{721CF7BA-4258-4DE4-814C-0AE50A0238D8}"
EndProject
Global
	GlobalSection(SolutionConfigurationPlatforms) = preSolution
		Debug|Any CPU = Debug|Any CPU
		Release|Any CPU = Release|Any CPU
	EndGlobalSection
	GlobalSection(ProjectConfigurationPlatforms) = postSolution
		{D33FD1E6-39E3-41F9-8B6E-58828E4597F6}.Debug|Any CPU.ActiveCfg = Debug|Any CPU
		{D33FD1E6-39E3-41F9-8B6E-58828E4597F6}.Debug|Any CPU.Build.0 = Debug|Any CPU
		{D33FD1E6-39E3-41F9-8B6E-58828E4597F6}.Release|Any CPU.ActiveCfg = Release|Any CPU
		{D33FD1E6-39E3-41F9-8B6E-58828E4597F6}.Release|Any CPU.Build.0 = Release|Any CPU
		{721CF7BA-4258-4DE4-814C-0AE50A0238D8}.Debug|Any CPU.ActiveCfg = Debug|Any CPU
		{721CF7BA-4258-4DE4-814C-0AE50A0238D8}.Debug|Any CPU.Build.0 = Debug|Any CPU
		{721CF7BA-4258-4DE4-814C-0AE50A0238D8}.Release|Any CPU.ActiveCfg = Release|Any CPU
		{721CF7BA-4258-4DE4-814C-0AE50A0238D8}.Release|Any CPU.Build.0 = Release|Any CPU
	EndGlobalSection
	GlobalSection(SolutionProperties) = preSolution
		HideSolutionNode = FALSE
	EndGlobalSection
	GlobalSection(ExtensibilityGlobals) = postSolution
		SolutionGuid = {C419D4F9-D3F8-420E-89D4-9A8CDC8E309E}
	EndGlobalSection
EndGlobal
